<Solution>
  <Folder Name="/src/">
    <Project Path="src/TenderPro.API/TenderPro.API.csproj" />
    <Project Path="src/TenderPro.Application/TenderPro.Application.csproj" />
    <Project Path="src/TenderPro.Domain/TenderPro.Domain.csproj" />
    <Project Path="src/TenderPro.Infrastructure/TenderPro.Infrastructure.csproj" />
  </Folder>
</Solution>
